
Microsoft Visual Studio Solution File, Format Version 11.00
# Visual Studio 2010
Project("{FAE04EC0-301F-11D3-BF4B-00C04F79EFBC}") = "Assembly-CSharp", "Assembly-CSharp.csproj", "{0ab815ac-a18f-bb90-a95e-1fe385fd045e}"
EndProject
Project("{FAE04EC0-301F-11D3-BF4B-00C04F79EFBC}") = "Assembly-CSharp-Editor", "Assembly-CSharp-Editor.csproj", "{9a05c750-1b7d-084c-824a-e0387ba4dbad}"
EndProject
Global
	GlobalSection(SolutionConfigurationPlatforms) = preSolution
		Debug|Any CPU = Debug|Any CPU
	EndGlobalSection
	GlobalSection(ProjectConfigurationPlatforms) = postSolution
		{0ab815ac-a18f-bb90-a95e-1fe385fd045e}.Debug|Any CPU.ActiveCfg = Debug|Any CPU
		{0ab815ac-a18f-bb90-a95e-1fe385fd045e}.Debug|Any CPU.Build.0 = Debug|Any CPU
		{9a05c750-1b7d-084c-824a-e0387ba4dbad}.Debug|Any CPU.ActiveCfg = Debug|Any CPU
		{9a05c750-1b7d-084c-824a-e0387ba4dbad}.Debug|Any CPU.Build.0 = Debug|Any CPU
	EndGlobalSection
	GlobalSection(SolutionProperties) = preSolution
		HideSolutionNode = FALSE
	EndGlobalSection
EndGlobal
